// !$*UTF8*$!
{
	archiveVersion = 1;
	classes = {
	};
	objectVersion = 55;
	objects = {

/* Begin PBXBuildFile section */
		B9E4BE712727D41600BE361C /* AppDelegate.swift in Sources */ = {isa = PBXBuildFile; fileRef = B9E4BE702727D41600BE361C /* AppDelegate.swift */; };
		B9E4BE732727D41600BE361C /* SceneDelegate.swift in Sources */ = {isa = PBXBuildFile; fileRef = B9E4BE722727D41600BE361C /* SceneDelegate.swift */; };
		B9E4BE752727D41600BE361C /* ViewController.swift in Sources */ = {isa = PBXBuildFile; fileRef = B9E4BE742727D41600BE361C /* ViewController.swift */; };
		B9E4BE782727D41600BE361C /* Main.storyboard in Resources */ = {isa = PBXBuildFile; fileRef = B9E4BE762727D41600BE361C /* Main.storyboard */; };
		B9E4BE7A2727D41700BE361C /* Assets.xcassets in Resources */ = {isa = PBXBuildFile; fileRef = B9E4BE792727D41700BE361C /* Assets.xcassets */; };
		B9E4BE7D2727D41700BE361C /* LaunchScreen.storyboard in Resources */ = {isa = PBXBuildFile; fileRef = B9E4BE7B2727D41700BE361C /* LaunchScreen.storyboard */; };
		B9E4BE882727D41800BE361C /* TableViewProjectTests.swift in Sources */ = {isa = PBXBuildFile; fileRef = B9E4BE872727D41800BE361C /* TableViewProjectTests.swift */; };
		B9E4BE922727D41800BE361C /* TableViewProjectUITests.swift in Sources */ = {isa = PBXBuildFile; fileRef = B9E4BE912727D41800BE361C /* TableViewProjectUITests.swift */; };
		B9E4BE942727D41800BE361C /* TableViewProjectUITestsLaunchTests.swift in Sources */ = {isa = PBXBuildFile; fileRef = B9E4BE932727D41800BE361C /* TableViewProjectUITestsLaunchTests.swift */; };
/* End PBXBuildFile section */

/* Begin PBXContainerItemProxy section */
		B9E4BE842727D41800BE361C /* PBXContainerItemProxy */ = {
			isa = PBXContainerItemProxy;
			containerPortal = B9E4BE652727D41600BE361C /* Project object */;
			proxyType = 1;
			remoteGlobalIDString = B9E4BE6C2727D41600BE361C;
			remoteInfo = TableViewProject;
		};
		B9E4BE8E2727D41800BE361C /* PBXContainerItemProxy */ = {
			isa = PBXContainerItemProxy;
			containerPortal = B9E4BE652727D41600BE361C /* Project object */;
			proxyType = 1;
			remoteGlobalIDString = B9E4BE6C2727D41600BE361C;
			remoteInfo = TableViewProject;
		};
/* End PBXContainerItemProxy section */

/* Begin PBXFileReference section */
		B9E4BE6D2727D41600BE361C /* TableViewProject.app */ = {isa = PBXFileReference; explicitFileType = wrapper.application; includeInIndex = 0; path = TableViewProject.app; sourceTree = BUILT_PRODUCTS_DIR; };
		B9E4BE702727D41600BE361C /* AppDelegate.swift */ = {isa = PBXFileReference; lastKnownFileType = sourcecode.swift; path = AppDelegate.swift; sourceTree = "<group>"; };
		B9E4BE722727D41600BE361C /* SceneDelegate.swift */ = {isa = PBXFileReference; lastKnownFileType = sourcecode.swift; path = SceneDelegate.swift; sourceTree = "<group>"; };
		B9E4BE742727D41600BE361C /* ViewController.swift */ = {isa = PBXFileReference; lastKnownFileType = sourcecode.swift; path = ViewController.swift; sourceTree = "<group>"; };
		B9E4BE772727D41600BE361C /* Base */ = {isa = PBXFileReference; lastKnownFileType = file.storyboard; name = Base; path = Base.lproj/Main.storyboard; sourceTree = "<group>"; };
		B9E4BE792727D41700BE361C /* Assets.xcassets */ = {isa = PBXFileReference; lastKnownFileType = folder.assetcatalog; path = Assets.xcassets; sourceTree = "<group>"; };
		B9E4BE7C2727D41700BE361C /* Base */ = {isa = PBXFileReference; lastKnownFileType = file.storyboard; name = Base; path = Base.lproj/LaunchScreen.storyboard; sourceTree = "<group>"; };
		B9E4BE7E2727D41700BE361C /* Info.plist */ = {isa = PBXFileReference; lastKnownFileType = text.plist.xml; path = Info.plist; sourceTree = "<group>"; };
		B9E4BE832727D41800BE361C /* TableViewProjectTests.xctest */ = {isa = PBXFileReference; explicitFileType = wrapper.cfbundle; includeInIndex = 0; path = TableViewProjectTests.xctest; sourceTree = BUILT_PRODUCTS_DIR; };
		B9E4BE872727D41800BE361C /* TableViewProjectTests.swift */ = {isa = PBXFileReference; lastKnownFileType = sourcecode.swift; path = TableViewProjectTests.swift; sourceTree = "<group>"; };
		B9E4BE8D2727D41800BE361C /* TableViewProjectUITests.xctest */ = {isa = PBXFileReference; explicitFileType = wrapper.cfbundle; includeInIndex = 0; path = TableViewProjectUITests.xctest; sourceTree = BUILT_PRODUCTS_DIR; };
		B9E4BE912727D41800BE361C /* TableViewProjectUITests.swift */ = {isa = PBXFileReference; lastKnownFileType = sourcecode.swift; path = TableViewProjectUITests.swift; sourceTree = "<group>"; };
		B9E4BE932727D41800BE361C /* TableViewProjectUITestsLaunchTests.swift */ = {isa = PBXFileReference; lastKnownFileType = sourcecode.swift; path = TableViewProjectUITestsLaunchTests.swift; sourceTree = "<group>"; };
/* End PBXFileReference section */

/* Begin PBXFrameworksBuildPhase section */
		B9E4BE6A2727D41600BE361C /* Frameworks */ = {
			isa = PBXFrameworksBuildPhase;
			buildActionMask = 2147483647;
			files = (
			);
			runOnlyForDeploymentPostprocessing = 0;
		};
		B9E4BE802727D41800BE361C /* Frameworks */ = {
			isa = PBXFrameworksBuildPhase;
			buildActionMask = 2147483647;
			files = (
			);
			runOnlyForDeploymentPostprocessing = 0;
		};
		B9E4BE8A2727D41800BE361C /* Frameworks */ = {
			isa = PBXFrameworksBuildPhase;
			buildActionMask = 2147483647;
			files = (
			);
			runOnlyForDeploymentPostprocessing = 0;
		};
/* End PBXFrameworksBuildPhase section */

/* Begin PBXGroup section */
		B9E4BE642727D41600BE361C = {
			isa = PBXGroup;
			children = (
				B9E4BE6F2727D41600BE361C /* TableViewProject */,
				B9E4BE862727D41800BE361C /* TableViewProjectTests */,
				B9E4BE902727D41800BE361C /* TableViewProjectUITests */,
				B9E4BE6E2727D41600BE361C /* Products */,
			);
			sourceTree = "<group>";
		};
		B9E4BE6E2727D41600BE361C /* Products */ = {
			isa = PBXGroup;
			children = (
				B9E4BE6D2727D41600BE361C /* TableViewProject.app */,
				B9E4BE832727D41800BE361C /* TableViewProjectTests.xctest */,
				B9E4BE8D2727D41800BE361C /* TableViewProjectUITests.xctest */,
			);
			name = Products;
			sourceTree = "<group>";
		};
		B9E4BE6F2727D41600BE361C /* TableViewProject */ = {
			isa = PBXGroup;
			children = (
				B9E4BE702727D41600BE361C /* AppDelegate.swift */,
				B9E4BE722727D41600BE361C /* SceneDelegate.swift */,
				B9E4BE742727D41600BE361C /* ViewController.swift */,
				B9E4BE762727D41600BE361C /* Main.storyboard */,
				B9E4BE792727D41700BE361C /* Assets.xcassets */,
				B9E4BE7B2727D41700BE361C /* LaunchScreen.storyboard */,
				B9E4BE7E2727D41700BE361C /* Info.plist */,
			);
			path = TableViewProject;
			sourceTree = "<group>";
		};
		B9E4BE862727D41800BE361C /* TableViewProjectTests */ = {
			isa = PBXGroup;
			children = (
				B9E4BE872727D41800BE361C /* TableViewProjectTests.swift */,
			);
			path = TableViewProjectTests;
			sourceTree = "<group>";
		};
		B9E4BE902727D41800BE361C /* TableViewProjectUITests */ = {
			isa = PBXGroup;
			children = (
				B9E4BE912727D41800BE361C /* TableViewProjectUITests.swift */,
				B9E4BE932727D41800BE361C /* TableViewProjectUITestsLaunchTests.swift */,
			);
			path = TableViewProjectUITests;
			sourceTree = "<group>";
		};
/* End PBXGroup section */

/* Begin PBXNativeTarget section */
		B9E4BE6C2727D41600BE361C /* TableViewProject */ = {
			isa = PBXNativeTarget;
			buildConfigurationList = B9E4BE972727D41800BE361C /* Build configuration list for PBXNativeTarget "TableViewProject" */;
			buildPhases = (
				B9E4BE692727D41600BE361C /* Sources */,
				B9E4BE6A2727D41600BE361C /* Frameworks */,
				B9E4BE6B2727D41600BE361C /* Resources */,
			);
			buildRules = (
			);
			dependencies = (
			);
			name = TableViewProject;
			productName = TableViewProject;
			productReference = B9E4BE6D2727D41600BE361C /* TableViewProject.app */;
			productType = "com.apple.product-type.application";
		};
		B9E4BE822727D41800BE361C /* TableViewProjectTests */ = {
			isa = PBXNativeTarget;
			buildConfigurationList = B9E4BE9A2727D41800BE361C /* Build configuration list for PBXNativeTarget "TableViewProjectTests" */;
			buildPhases = (
				B9E4BE7F2727D41800BE361C /* Sources */,
				B9E4BE802727D41800BE361C /* Frameworks */,
				B9E4BE812727D41800BE361C /* Resources */,
			);
			buildRules = (
			);
			dependencies = (
				B9E4BE852727D41800BE361C /* PBXTargetDependency */,
			);
			name = TableViewProjectTests;
			productName = TableViewProjectTests;
			productReference = B9E4BE832727D41800BE361C /* TableViewProjectTests.xctest */;
			productType = "com.apple.product-type.bundle.unit-test";
		};
		B9E4BE8C2727D41800BE361C /* TableViewProjectUITests */ = {
			isa = PBXNativeTarget;
			buildConfigurationList = B9E4BE9D2727D41800BE361C /* Build configuration list for PBXNativeTarget "TableViewProjectUITests" */;
			buildPhases = (
				B9E4BE892727D41800BE361C /* Sources */,
				B9E4BE8A2727D41800BE361C /* Frameworks */,
				B9E4BE8B2727D41800BE361C /* Resources */,
			);
			buildRules = (
			);
			dependencies = (
				B9E4BE8F2727D41800BE361C /* PBXTargetDependency */,
			);
			name = TableViewProjectUITests;
			productName = TableViewProjectUITests;
			productReference = B9E4BE8D2727D41800BE361C /* TableViewProjectUITests.xctest */;
			productType = "com.apple.product-type.bundle.ui-testing";
		};
/* End PBXNativeTarget section */

/* Begin PBXProject section */
		B9E4BE652727D41600BE361C /* Project object */ = {
			isa = PBXProject;
			attributes = {
				BuildIndependentTargetsInParallel = 1;
				LastSwiftUpdateCheck = 1300;
				LastUpgradeCheck = 1300;
				TargetAttributes = {
					B9E4BE6C2727D41600BE361C = {
						CreatedOnToolsVersion = 13.0;
					};
					B9E4BE822727D41800BE361C = {
						CreatedOnToolsVersion = 13.0;
						TestTargetID = B9E4BE6C2727D41600BE361C;
					};
					B9E4BE8C2727D41800BE361C = {
						CreatedOnToolsVersion = 13.0;
						TestTargetID = B9E4BE6C2727D41600BE361C;
					};
				};
			};
			buildConfigurationList = B9E4BE682727D41600BE361C /* Build configuration list for PBXProject "TableViewProject" */;
			compatibilityVersion = "Xcode 13.0";
			developmentRegion = en;
			hasScannedForEncodings = 0;
			knownRegions = (
				en,
				Base,
			);
			mainGroup = B9E4BE642727D41600BE361C;
			productRefGroup = B9E4BE6E2727D41600BE361C /* Products */;
			projectDirPath = "";
			projectRoot = "";
			targets = (
				B9E4BE6C2727D41600BE361C /* TableViewProject */,
				B9E4BE822727D41800BE361C /* TableViewProjectTests */,
				B9E4BE8C2727D41800BE361C /* TableViewProjectUITests */,
			);
		};
/* End PBXProject section */

/* Begin PBXResourcesBuildPhase section */
		B9E4BE6B2727D41600BE361C /* Resources */ = {
			isa = PBXResourcesBuildPhase;
			buildActionMask = 2147483647;
			files = (
				B9E4BE7D2727D41700BE361C /* LaunchScreen.storyboard in Resources */,
				B9E4BE7A2727D41700BE361C /* Assets.xcassets in Resources */,
				B9E4BE782727D41600BE361C /* Main.storyboard in Resources */,
			);
			runOnlyForDeploymentPostprocessing = 0;
		};
		B9E4BE812727D41800BE361C /* Resources */ = {
			isa = PBXResourcesBuildPhase;
			buildActionMask = 2147483647;
			files = (
			);
			runOnlyForDeploymentPostprocessing = 0;
		};
		B9E4BE8B2727D41800BE361C /* Resources */ = {
			isa = PBXResourcesBuildPhase;
			buildActionMask = 2147483647;
			files = (
			);
			runOnlyForDeploymentPostprocessing = 0;
		};
/* End PBXResourcesBuildPhase section */

/* Begin PBXSourcesBuildPhase section */
		B9E4BE692727D41600BE361C /* Sources */ = {
			isa = PBXSourcesBuildPhase;
			buildActionMask = 2147483647;
			files = (
				B9E4BE752727D41600BE361C /* ViewController.swift in Sources */,
				B9E4BE712727D41600BE361C /* AppDelegate.swift in Sources */,
				B9E4BE732727D41600BE361C /* SceneDelegate.swift in Sources */,
			);
			runOnlyForDeploymentPostprocessing = 0;
		};
		B9E4BE7F2727D41800BE361C /* Sources */ = {
			isa = PBXSourcesBuildPhase;
			buildActionMask = 2147483647;
			files = (
				B9E4BE882727D41800BE361C /* TableViewProjectTests.swift in Sources */,
			);
			runOnlyForDeploymentPostprocessing = 0;
		};
		B9E4BE892727D41800BE361C /* Sources */ = {
			isa = PBXSourcesBuildPhase;
			buildActionMask = 2147483647;
			files = (
				B9E4BE942727D41800BE361C /* TableViewProjectUITestsLaunchTests.swift in Sources */,
				B9E4BE922727D41800BE361C /* TableViewProjectUITests.swift in Sources */,
			);
			runOnlyForDeploymentPostprocessing = 0;
		};
/* End PBXSourcesBuildPhase section */

/* Begin PBXTargetDependency section */
		B9E4BE852727D41800BE361C /* PBXTargetDependency */ = {
			isa = PBXTargetDependency;
			target = B9E4BE6C2727D41600BE361C /* TableViewProject */;
			targetProxy = B9E4BE842727D41800BE361C /* PBXContainerItemProxy */;
		};
		B9E4BE8F2727D41800BE361C /* PBXTargetDependency */ = {
			isa = PBXTargetDependency;
			target = B9E4BE6C2727D41600BE361C /* TableViewProject */;
			targetProxy = B9E4BE8E2727D41800BE361C /* PBXContainerItemProxy */;
		};
/* End PBXTargetDependency section */

/* Begin PBXVariantGroup section */
		B9E4BE762727D41600BE361C /* Main.storyboard */ = {
			isa = PBXVariantGroup;
			children = (
				B9E4BE772727D41600BE361C /* Base */,
			);
			name = Main.storyboard;
			sourceTree = "<group>";
		};
		B9E4BE7B2727D41700BE361C /* LaunchScreen.storyboard */ = {
			isa = PBXVariantGroup;
			children = (
				B9E4BE7C2727D41700BE361C /* Base */,
			);
			name = LaunchScreen.storyboard;
			sourceTree = "<group>";
		};
/* End PBXVariantGroup section */

/* Begin XCBuildConfiguration section */
		B9E4BE952727D41800BE361C /* Debug */ = {
			isa = XCBuildConfiguration;
			buildSettings = {
				ALWAYS_SEARCH_USER_PATHS = NO;
				CLANG_ANALYZER_NONNULL = YES;
				CLANG_ANALYZER_NUMBER_OBJECT_CONVERSION = YES_AGGRESSIVE;
				CLANG_CXX_LANGUAGE_STANDARD = "gnu++17";
				CLANG_CXX_LIBRARY = "libc++";
				CLANG_ENABLE_MODULES = YES;
				CLANG_ENABLE_OBJC_ARC = YES;
				CLANG_ENABLE_OBJC_WEAK = YES;
				CLANG_WARN_BLOCK_CAPTURE_AUTORELEASING = YES;
				CLANG_WARN_BOOL_CONVERSION = YES;
				CLANG_WARN_COMMA = YES;
				CLANG_WARN_CONSTANT_CONVERSION = YES;
				CLANG_WARN_DEPRECATED_OBJC_IMPLEMENTATIONS = YES;
				CLANG_WARN_DIRECT_OBJC_ISA_USAGE = YES_ERROR;
				CLANG_WARN_DOCUMENTATION_COMMENTS = YES;
				CLANG_WARN_EMPTY_BODY = YES;
				CLANG_WARN_ENUM_CONVERSION = YES;
				CLANG_WARN_INFINITE_RECURSION = YES;
				CLANG_WARN_INT_CONVERSION = YES;
				CLANG_WARN_NON_LITERAL_NULL_CONVERSION = YES;
				CLANG_WARN_OBJC_IMPLICIT_RETAIN_SELF = YES;
				CLANG_WARN_OBJC_LITERAL_CONVERSION = YES;
				CLANG_WARN_OBJC_ROOT_CLASS = YES_ERROR;
				CLANG_WARN_QUOTED_INCLUDE_IN_FRAMEWORK_HEADER = YES;
				CLANG_WARN_RANGE_LOOP_ANALYSIS = YES;
				CLANG_WARN_STRICT_PROTOTYPES = YES;
				CLANG_WARN_SUSPICIOUS_MOVE = YES;
				CLANG_WARN_UNGUARDED_AVAILABILITY = YES_AGGRESSIVE;
				CLANG_WARN_UNREACHABLE_CODE = YES;
				CLANG_WARN__DUPLICATE_METHOD_MATCH = YES;
				COPY_PHASE_STRIP = NO;
				DEBUG_INFORMATION_FORMAT = dwarf;
				ENABLE_STRICT_OBJC_MSGSEND = YES;
				ENABLE_TESTABILITY = YES;
				GCC_C_LANGUAGE_STANDARD = gnu11;
				GCC_DYNAMIC_NO_PIC = NO;
				GCC_NO_COMMON_BLOCKS = YES;
				GCC_OPTIMIZATION_LEVEL = 0;
				GCC_PREPROCESSOR_DEFINITIONS = (
					"DEBUG=1",
					"$(inherited)",
				);
				GCC_WARN_64_TO_32_BIT_CONVERSION = YES;
				GCC_WARN_ABOUT_RETURN_TYPE = YES_ERROR;
				GCC_WARN_UNDECLARED_SELECTOR = YES;
				GCC_WARN_UNINITIALIZED_AUTOS = YES_AGGRESSIVE;
				GCC_WARN_UNUSED_FUNCTION = YES;
				GCC_WARN_UNUSED_VARIABLE = YES;
				IPHONEOS_DEPLOYMENT_TARGET = 15.0;
				MTL_ENABLE_DEBUG_INFO = INCLUDE_SOURCE;
				MTL_FAST_MATH = YES;
				ONLY_ACTIVE_ARCH = YES;
				SDKROOT = iphoneos;
				SWIFT_ACTIVE_COMPILATION_CONDITIONS = DEBUG;
				SWIFT_OPTIMIZATION_LEVEL = "-Onone";
			};
			name = Debug;
		};
		B9E4BE962727D41800BE361C /* Release */ = {
			isa = XCBuildConfiguration;
			buildSettings = {
				ALWAYS_SEARCH_USER_PATHS = NO;
				CLANG_ANALYZER_NONNULL = YES;
				CLANG_ANALYZER_NUMBER_OBJECT_CONVERSION = YES_AGGRESSIVE;
				CLANG_CXX_LANGUAGE_STANDARD = "gnu++17";
				CLANG_CXX_LIBRARY = "libc++";
				CLANG_ENABLE_MODULES = YES;
				CLANG_ENABLE_OBJC_ARC = YES;
				CLANG_ENABLE_OBJC_WEAK = YES;
				CLANG_WARN_BLOCK_CAPTURE_AUTORELEASING = YES;
				CLANG_WARN_BOOL_CONVERSION = YES;
				CLANG_WARN_COMMA = YES;
				CLANG_WARN_CONSTANT_CONVERSION = YES;
				CLANG_WARN_DEPRECATED_OBJC_IMPLEMENTATIONS = YES;
				CLANG_WARN_DIRECT_OBJC_ISA_USAGE = YES_ERROR;
				CLANG_WARN_DOCUMENTATION_COMMENTS = YES;
				CLANG_WARN_EMPTY_BODY = YES;
				CLANG_WARN_ENUM_CONVERSION = YES;
				CLANG_WARN_INFINITE_RECURSION = YES;
				CLANG_WARN_INT_CONVERSION = YES;
				CLANG_WARN_NON_LITERAL_NULL_CONVERSION = YES;
				CLANG_WARN_OBJC_IMPLICIT_RETAIN_SELF = YES;
				CLANG_WARN_OBJC_LITERAL_CONVERSION = YES;
				CLANG_WARN_OBJC_ROOT_CLASS = YES_ERROR;
				CLANG_WARN_QUOTED_INCLUDE_IN_FRAMEWORK_HEADER = YES;
				CLANG_WARN_RANGE_LOOP_ANALYSIS = YES;
				CLANG_WARN_STRICT_PROTOTYPES = YES;
				CLANG_WARN_SUSPICIOUS_MOVE = YES;
				CLANG_WARN_UNGUARDED_AVAILABILITY = YES_AGGRESSIVE;
				CLANG_WARN_UNREACHABLE_CODE = YES;
				CLANG_WARN__DUPLICATE_METHOD_MATCH = YES;
				COPY_PHASE_STRIP = NO;
				DEBUG_INFORMATION_FORMAT = "dwarf-with-dsym";
				ENABLE_NS_ASSERTIONS = NO;
				ENABLE_STRICT_OBJC_MSGSEND = YES;
				GCC_C_LANGUAGE_STANDARD = gnu11;
				GCC_NO_COMMON_BLOCKS = YES;
				GCC_WARN_64_TO_32_BIT_CONVERSION = YES;
				GCC_WARN_ABOUT_RETURN_TYPE = YES_ERROR;
				GCC_WARN_UNDECLARED_SELECTOR = YES;
				GCC_WARN_UNINITIALIZED_AUTOS = YES_AGGRESSIVE;
				GCC_WARN_UNUSED_FUNCTION = YES;
				GCC_WARN_UNUSED_VARIABLE = YES;
				IPHONEOS_DEPLOYMENT_TARGET = 15.0;
				MTL_ENABLE_DEBUG_INFO = NO;
				MTL_FAST_MATH = YES;
				SDKROOT = iphoneos;
				SWIFT_COMPILATION_MODE = wholemodule;
				SWIFT_OPTIMIZATION_LEVEL = "-O";
				VALIDATE_PRODUCT = YES;
			};
			name = Release;
		};
		B9E4BE982727D41800BE361C /* Debug */ = {
			isa = XCBuildConfiguration;
			buildSettings = {
				ASSETCATALOG_COMPILER_APPICON_NAME = AppIcon;
				ASSETCATALOG_COMPILER_GLOBAL_ACCENT_COLOR_NAME = AccentColor;
				CODE_SIGN_STYLE = Automatic;
				CURRENT_PROJECT_VERSION = 1;
				DEVELOPMENT_TEAM = A24CY4Q5D9;
				GENERATE_INFOPLIST_FILE = YES;
				INFOPLIST_FILE = TableViewProject/Info.plist;
				INFOPLIST_KEY_UIApplicationSupportsIndirectInputEvents = YES;
				INFOPLIST_KEY_UILaunchStoryboardName = LaunchScreen;
				INFOPLIST_KEY_UIMainStoryboardFile = Main;
				INFOPLIST_KEY_UISupportedInterfaceOrientations_iPad = "UIInterfaceOrientationPortrait UIInterfaceOrientationPortraitUpsideDown UIInterfaceOrientationLandscapeLeft UIInterfaceOrientationLandscapeRight";
				INFOPLIST_KEY_UISupportedInterfaceOrientations_iPhone = "UIInterfaceOrientationPortrait UIInterfaceOrientationLandscapeLeft UIInterfaceOrientationLandscapeRight";
				LD_RUNPATH_SEARCH_PATHS = (
					"$(inherited)",
					"@executable_path/Frameworks",
				);
				MARKETING_VERSION = 1.0;
				PRODUCT_BUNDLE_IDENTIFIER = Tuwaiq.TableViewProject;
				PRODUCT_NAME = "$(TARGET_NAME)";
				SWIFT_EMIT_LOC_STRINGS = YES;
				SWIFT_VERSION = 5.0;
				TARGETED_DEVICE_FAMILY = "1,2";
			};
			name = Debug;
		};
		B9E4BE992727D41800BE361C /* Release */ = {
			isa = XCBuildConfiguration;
			buildSettings = {
				ASSETCATALOG_COMPILER_APPICON_NAME = AppIcon;
				ASSETCATALOG_COMPILER_GLOBAL_ACCENT_COLOR_NAME = AccentColor;
				CODE_SIGN_STYLE = Automatic;
				CURRENT_PROJECT_VERSION = 1;
				DEVELOPMENT_TEAM = A24CY4Q5D9;
				GENERATE_INFOPLIST_FILE = YES;
				INFOPLIST_FILE = TableViewProject/Info.plist;
				INFOPLIST_KEY_UIApplicationSupportsIndirectInputEvents = YES;
				INFOPLIST_KEY_UILaunchStoryboardName = LaunchScreen;
				INFOPLIST_KEY_UIMainStoryboardFile = Main;
				INFOPLIST_KEY_UISupportedInterfaceOrientations_iPad = "UIInterfaceOrientationPortrait UIInterfaceOrientationPortraitUpsideDown UIInterfaceOrientationLandscapeLeft UIInterfaceOrientationLandscapeRight";
				INFOPLIST_KEY_UISupportedInterfaceOrientations_iPhone = "UIInterfaceOrientationPortrait UIInterfaceOrientationLandscapeLeft UIInterfaceOrientationLandscapeRight";
				LD_RUNPATH_SEARCH_PATHS = (
					"$(inherited)",
					"@executable_path/Frameworks",
				);
				MARKETING_VERSION = 1.0;
				PRODUCT_BUNDLE_IDENTIFIER = Tuwaiq.TableViewProject;
				PRODUCT_NAME = "$(TARGET_NAME)";
				SWIFT_EMIT_LOC_STRINGS = YES;
				SWIFT_VERSION = 5.0;
				TARGETED_DEVICE_FAMILY = "1,2";
			};
			name = Release;
		};
		B9E4BE9B2727D41800BE361C /* Debug */ = {
			isa = XCBuildConfiguration;
			buildSettings = {
				ALWAYS_EMBED_SWIFT_STANDARD_LIBRARIES = YES;
				BUNDLE_LOADER = "$(TEST_HOST)";
				CODE_SIGN_STYLE = Automatic;
				CURRENT_PROJECT_VERSION = 1;
				DEVELOPMENT_TEAM = A24CY4Q5D9;
				GENERATE_INFOPLIST_FILE = YES;
				IPHONEOS_DEPLOYMENT_TARGET = 15.0;
				LD_RUNPATH_SEARCH_PATHS = (
					"$(inherited)",
					"@executable_path/Frameworks",
					"@loader_path/Frameworks",
				);
				MARKETING_VERSION = 1.0;
				PRODUCT_BUNDLE_IDENTIFIER = Tuwaiq.TableViewProjectTests;
				PRODUCT_NAME = "$(TARGET_NAME)";
				SWIFT_EMIT_LOC_STRINGS = NO;
				SWIFT_VERSION = 5.0;
				TARGETED_DEVICE_FAMILY = "1,2";
				TEST_HOST = "$(BUILT_PRODUCTS_DIR)/TableViewProject.app/TableViewProject";
			};
			name = Debug;
		};
		B9E4BE9C2727D41800BE361C /* Release */ = {
			isa = XCBuildConfiguration;
			buildSettings = {
				ALWAYS_EMBED_SWIFT_STANDARD_LIBRARIES = YES;
				BUNDLE_LOADER = "$(TEST_HOST)";
				CODE_SIGN_STYLE = Automatic;
				CURRENT_PROJECT_VERSION = 1;
				DEVELOPMENT_TEAM = A24CY4Q5D9;
				GENERATE_INFOPLIST_FILE = YES;
				IPHONEOS_DEPLOYMENT_TARGET = 15.0;
				LD_RUNPATH_SEARCH_PATHS = (
					"$(inherited)",
					"@executable_path/Frameworks",
					"@loader_path/Frameworks",
				);
				MARKETING_VERSION = 1.0;
				PRODUCT_BUNDLE_IDENTIFIER = Tuwaiq.TableViewProjectTests;
				PRODUCT_NAME = "$(TARGET_NAME)";
				SWIFT_EMIT_LOC_STRINGS = NO;
				SWIFT_VERSION = 5.0;
				TARGETED_DEVICE_FAMILY = "1,2";
				TEST_HOST = "$(BUILT_PRODUCTS_DIR)/TableViewProject.app/TableViewProject";
			};
			name = Release;
		};
		B9E4BE9E2727D41800BE361C /* Debug */ = {
			isa = XCBuildConfiguration;
			buildSettings = {
				ALWAYS_EMBED_SWIFT_STANDARD_LIBRARIES = YES;
				CODE_SIGN_STYLE = Automatic;
				CURRENT_PROJECT_VERSION = 1;
				DEVELOPMENT_TEAM = A24CY4Q5D9;
				GENERATE_INFOPLIST_FILE = YES;
				LD_RUNPATH_SEARCH_PATHS = (
					"$(inherited)",
					"@executable_path/Frameworks",
					"@loader_path/Frameworks",
				);
				MARKETING_VERSION = 1.0;
				PRODUCT_BUNDLE_IDENTIFIER = Tuwaiq.TableViewProjectUITests;
				PRODUCT_NAME = "$(TARGET_NAME)";
				SWIFT_EMIT_LOC_STRINGS = NO;
				SWIFT_VERSION = 5.0;
				TARGETED_DEVICE_FAMILY = "1,2";
				TEST_TARGET_NAME = TableViewProject;
			};
			name = Debug;
		};
		B9E4BE9F2727D41800BE361C /* Release */ = {
			isa = XCBuildConfiguration;
			buildSettings = {
				ALWAYS_EMBED_SWIFT_STANDARD_LIBRARIES = YES;
				CODE_SIGN_STYLE = Automatic;
				CURRENT_PROJECT_VERSION = 1;
				DEVELOPMENT_TEAM = A24CY4Q5D9;
				GENERATE_INFOPLIST_FILE = YES;
				LD_RUNPATH_SEARCH_PATHS = (
					"$(inherited)",
					"@executable_path/Frameworks",
					"@loader_path/Frameworks",
				);
				MARKETING_VERSION = 1.0;
				PRODUCT_BUNDLE_IDENTIFIER = Tuwaiq.TableViewProjectUITests;
				PRODUCT_NAME = "$(TARGET_NAME)";
				SWIFT_EMIT_LOC_STRINGS = NO;
				SWIFT_VERSION = 5.0;
				TARGETED_DEVICE_FAMILY = "1,2";
				TEST_TARGET_NAME = TableViewProject;
			};
			name = Release;
		};
/* End XCBuildConfiguration section */

/* Begin XCConfigurationList section */
		B9E4BE682727D41600BE361C /* Build configuration list for PBXProject "TableViewProject" */ = {
			isa = XCConfigurationList;
			buildConfigurations = (
				B9E4BE952727D41800BE361C /* Debug */,
				B9E4BE962727D41800BE361C /* Release */,
			);
			defaultConfigurationIsVisible = 0;
			defaultConfigurationName = Release;
		};
		B9E4BE972727D41800BE361C /* Build configuration list for PBXNativeTarget "TableViewProject" */ = {
			isa = XCConfigurationList;
			buildConfigurations = (
				B9E4BE982727D41800BE361C /* Debug */,
				B9E4BE992727D41800BE361C /* Release */,
			);
			defaultConfigurationIsVisible = 0;
			defaultConfigurationName = Release;
		};
		B9E4BE9A2727D41800BE361C /* Build configuration list for PBXNativeTarget "TableViewProjectTests" */ = {
			isa = XCConfigurationList;
			buildConfigurations = (
				B9E4BE9B2727D41800BE361C /* Debug */,
				B9E4BE9C2727D41800BE361C /* Release */,
			);
			defaultConfigurationIsVisible = 0;
			defaultConfigurationName = Release;
		};
		B9E4BE9D2727D41800BE361C /* Build configuration list for PBXNativeTarget "TableViewProjectUITests" */ = {
			isa = XCConfigurationList;
			buildConfigurations = (
				B9E4BE9E2727D41800BE361C /* Debug */,
				B9E4BE9F2727D41800BE361C /* Release */,
			);
			defaultConfigurationIsVisible = 0;
			defaultConfigurationName = Release;
		};
/* End XCConfigurationList section */
	};
	rootObject = B9E4BE652727D41600BE361C /* Project object */;
}
